
Microsoft Visual Studio Solution File, Format Version 12.00
# Visual Studio Version 17
VisualStudioVersion = 17.5.002.0
MinimumVisualStudioVersion = 10.0.40219.1
Project("{9A19103F-16F7-4668-BE54-9A1E7A4F7556}") = "C# education", "C# education.csproj", "{BE9710CE-7CBF-418D-89BF-66556CACE660}"
EndProject
Project("{9A19103F-16F7-4668-BE54-9A1E7A4F7556}") = "HW2Task10", "HW2Task10\HW2Task10.csproj", "{F2F52BB8-5C95-4880-A9CD-17BFE21DC779}"
EndProject
Project("{9A19103F-16F7-4668-BE54-9A1E7A4F7556}") = "HW2Task13", "HW2Task13\HW2Task13.csproj", "{4B7EC0E1-FD99-4C9F-9C81-C8F0E9900987}"
EndProject
Project("{9A19103F-16F7-4668-BE54-9A1E7A4F7556}") = "HW2Task15", "HW2Task15\HW2Task15.csproj", "{53C05C09-69AD-430D-975F-87029C69B914}"
EndProject
Project("{9A19103F-16F7-4668-BE54-9A1E7A4F7556}") = "HW3Task", "HW3Task\HW3Task.csproj", "{CF3B5FA2-2A13-4A1F-B20F-C4F092FF8078}"
EndProject
Project("{9A19103F-16F7-4668-BE54-9A1E7A4F7556}") = "HW4Task25", "HW4Task25\HW4Task25.csproj", "{DEDF2A9D-43B5-4FE4-AA42-DA174BB1CBBD}"
EndProject
Project("{9A19103F-16F7-4668-BE54-9A1E7A4F7556}") = "HW4Task27", "HW4Task27\HW4Task27.csproj", "{0EB8F256-AF06-4F16-8E17-250CA06F89B0}"
EndProject
Project("{9A19103F-16F7-4668-BE54-9A1E7A4F7556}") = "HW4Task29", "HW4Task29\HW4Task29.csproj", "{9F78AD81-E2C4-429C-8C66-F8CF0B0F319D}"
EndProject
Project("{9A19103F-16F7-4668-BE54-9A1E7A4F7556}") = "HW5Task", "HW5Task\HW5Task.csproj", "{F6B69619-9576-4BA6-8F33-DFA33FEC088A}"
EndProject
Project("{9A19103F-16F7-4668-BE54-9A1E7A4F7556}") = "HW6Task41", "HW6Task41\HW6Task41.csproj", "{397EC043-35F6-4A6E-A5AA-0C768A9DEF21}"
EndProject
Project("{9A19103F-16F7-4668-BE54-9A1E7A4F7556}") = "HW6Task43", "HW6Task43\HW6Task43.csproj", "{6BA1368B-6B9D-4746-9CE9-6BCD09AC3D05}"
EndProject
Project("{9A19103F-16F7-4668-BE54-9A1E7A4F7556}") = "Task1", "Task1\Task1.csproj", "{6D2D0923-04A9-4686-AFFE-F9C4320B560B}"
EndProject
Project("{9A19103F-16F7-4668-BE54-9A1E7A4F7556}") = "Task10", "Task10\Task10.csproj", "{BB0D708B-5778-40FC-835E-A206A937F2B2}"
EndProject
Project("{9A19103F-16F7-4668-BE54-9A1E7A4F7556}") = "Task11", "Task11\Task11.csproj", "{04A92BE3-6B76-4FF6-8F4C-4C1E1BE9D34A}"
EndProject
Project("{9A19103F-16F7-4668-BE54-9A1E7A4F7556}") = "Task12", "Task12\Task12.csproj", "{D9452553-ECDE-4D2D-B211-68EF5F878386}"
EndProject
Project("{9A19103F-16F7-4668-BE54-9A1E7A4F7556}") = "Task13", "Task13\Task13.csproj", "{B8D61995-186A-4F2A-A167-4F1068A18A66}"
EndProject
Project("{9A19103F-16F7-4668-BE54-9A1E7A4F7556}") = "Task14", "Task14\Task14.csproj", "{E8528E41-AC7A-4146-A43C-31812D974322}"
EndProject
Project("{9A19103F-16F7-4668-BE54-9A1E7A4F7556}") = "Task15", "Task15\Task15.csproj", "{071C339C-4F3B-4A3F-9D8A-2362A6F19249}"
EndProject
Project("{9A19103F-16F7-4668-BE54-9A1E7A4F7556}") = "Task2", "Task2\Task2.csproj", "{929C3CA9-8241-44F9-87EE-972C9DF12B45}"
EndProject
Project("{9A19103F-16F7-4668-BE54-9A1E7A4F7556}") = "Task3", "Task3\Task3.csproj", "{F9A10D7D-2F6A-4588-B94D-86083FF89F20}"
EndProject
Project("{9A19103F-16F7-4668-BE54-9A1E7A4F7556}") = "Task4", "Task4\Task4.csproj", "{478D683A-488F-4B7F-B470-781368FD01AF}"
EndProject
Project("{9A19103F-16F7-4668-BE54-9A1E7A4F7556}") = "Task5", "Task5\Task5.csproj", "{A00762E4-C41D-4274-B78A-B90F1C20462C}"
EndProject
Project("{9A19103F-16F7-4668-BE54-9A1E7A4F7556}") = "Task7", "Task7\Task7.csproj", "{FBF7C824-8A75-42CA-8DBA-C4F181C57C14}"
EndProject
Project("{9A19103F-16F7-4668-BE54-9A1E7A4F7556}") = "Task8", "Task8\Task8.csproj", "{F5E8B468-F650-40EB-A52A-A1E206F1B5B0}"
EndProject
Project("{9A19103F-16F7-4668-BE54-9A1E7A4F7556}") = "Task9", "Task9\Task9.csproj", "{116AD5EB-900A-4D04-866C-099A3E5E282A}"
EndProject
Global
	GlobalSection(SolutionConfigurationPlatforms) = preSolution
		Debug|Any CPU = Debug|Any CPU
		Release|Any CPU = Release|Any CPU
	EndGlobalSection
	GlobalSection(ProjectConfigurationPlatforms) = postSolution
		{BE9710CE-7CBF-418D-89BF-66556CACE660}.Debug|Any CPU.ActiveCfg = Debug|Any CPU
		{BE9710CE-7CBF-418D-89BF-66556CACE660}.Debug|Any CPU.Build.0 = Debug|Any CPU
		{BE9710CE-7CBF-418D-89BF-66556CACE660}.Release|Any CPU.ActiveCfg = Release|Any CPU
		{BE9710CE-7CBF-418D-89BF-66556CACE660}.Release|Any CPU.Build.0 = Release|Any CPU
		{F2F52BB8-5C95-4880-A9CD-17BFE21DC779}.Debug|Any CPU.ActiveCfg = Debug|Any CPU
		{F2F52BB8-5C95-4880-A9CD-17BFE21DC779}.Debug|Any CPU.Build.0 = Debug|Any CPU
		{F2F52BB8-5C95-4880-A9CD-17BFE21DC779}.Release|Any CPU.ActiveCfg = Release|Any CPU
		{F2F52BB8-5C95-4880-A9CD-17BFE21DC779}.Release|Any CPU.Build.0 = Release|Any CPU
		{4B7EC0E1-FD99-4C9F-9C81-C8F0E9900987}.Debug|Any CPU.ActiveCfg = Debug|Any CPU
		{4B7EC0E1-FD99-4C9F-9C81-C8F0E9900987}.Debug|Any CPU.Build.0 = Debug|Any CPU
		{4B7EC0E1-FD99-4C9F-9C81-C8F0E9900987}.Release|Any CPU.ActiveCfg = Release|Any CPU
		{4B7EC0E1-FD99-4C9F-9C81-C8F0E9900987}.Release|Any CPU.Build.0 = Release|Any CPU
		{53C05C09-69AD-430D-975F-87029C69B914}.Debug|Any CPU.ActiveCfg = Debug|Any CPU
		{53C05C09-69AD-430D-975F-87029C69B914}.Debug|Any CPU.Build.0 = Debug|Any CPU
		{53C05C09-69AD-430D-975F-87029C69B914}.Release|Any CPU.ActiveCfg = Release|Any CPU
		{53C05C09-69AD-430D-975F-87029C69B914}.Release|Any CPU.Build.0 = Release|Any CPU
		{CF3B5FA2-2A13-4A1F-B20F-C4F092FF8078}.Debug|Any CPU.ActiveCfg = Debug|Any CPU
		{CF3B5FA2-2A13-4A1F-B20F-C4F092FF8078}.Debug|Any CPU.Build.0 = Debug|Any CPU
		{CF3B5FA2-2A13-4A1F-B20F-C4F092FF8078}.Release|Any CPU.ActiveCfg = Release|Any CPU
		{CF3B5FA2-2A13-4A1F-B20F-C4F092FF8078}.Release|Any CPU.Build.0 = Release|Any CPU
		{DEDF2A9D-43B5-4FE4-AA42-DA174BB1CBBD}.Debug|Any CPU.ActiveCfg = Debug|Any CPU
		{DEDF2A9D-43B5-4FE4-AA42-DA174BB1CBBD}.Debug|Any CPU.Build.0 = Debug|Any CPU
		{DEDF2A9D-43B5-4FE4-AA42-DA174BB1CBBD}.Release|Any CPU.ActiveCfg = Release|Any CPU
		{DEDF2A9D-43B5-4FE4-AA42-DA174BB1CBBD}.Release|Any CPU.Build.0 = Release|Any CPU
		{0EB8F256-AF06-4F16-8E17-250CA06F89B0}.Debug|Any CPU.ActiveCfg = Debug|Any CPU
		{0EB8F256-AF06-4F16-8E17-250CA06F89B0}.Debug|Any CPU.Build.0 = Debug|Any CPU
		{0EB8F256-AF06-4F16-8E17-250CA06F89B0}.Release|Any CPU.ActiveCfg = Release|Any CPU
		{0EB8F256-AF06-4F16-8E17-250CA06F89B0}.Release|Any CPU.Build.0 = Release|Any CPU
		{9F78AD81-E2C4-429C-8C66-F8CF0B0F319D}.Debug|Any CPU.ActiveCfg = Debug|Any CPU
		{9F78AD81-E2C4-429C-8C66-F8CF0B0F319D}.Debug|Any CPU.Build.0 = Debug|Any CPU
		{9F78AD81-E2C4-429C-8C66-F8CF0B0F319D}.Release|Any CPU.ActiveCfg = Release|Any CPU
		{9F78AD81-E2C4-429C-8C66-F8CF0B0F319D}.Release|Any CPU.Build.0 = Release|Any CPU
		{F6B69619-9576-4BA6-8F33-DFA33FEC088A}.Debug|Any CPU.ActiveCfg = Debug|Any CPU
		{F6B69619-9576-4BA6-8F33-DFA33FEC088A}.Debug|Any CPU.Build.0 = Debug|Any CPU
		{F6B69619-9576-4BA6-8F33-DFA33FEC088A}.Release|Any CPU.ActiveCfg = Release|Any CPU
		{F6B69619-9576-4BA6-8F33-DFA33FEC088A}.Release|Any CPU.Build.0 = Release|Any CPU
		{397EC043-35F6-4A6E-A5AA-0C768A9DEF21}.Debug|Any CPU.ActiveCfg = Debug|Any CPU
		{397EC043-35F6-4A6E-A5AA-0C768A9DEF21}.Debug|Any CPU.Build.0 = Debug|Any CPU
		{397EC043-35F6-4A6E-A5AA-0C768A9DEF21}.Release|Any CPU.ActiveCfg = Release|Any CPU
		{397EC043-35F6-4A6E-A5AA-0C768A9DEF21}.Release|Any CPU.Build.0 = Release|Any CPU
		{6BA1368B-6B9D-4746-9CE9-6BCD09AC3D05}.Debug|Any CPU.ActiveCfg = Debug|Any CPU
		{6BA1368B-6B9D-4746-9CE9-6BCD09AC3D05}.Debug|Any CPU.Build.0 = Debug|Any CPU
		{6BA1368B-6B9D-4746-9CE9-6BCD09AC3D05}.Release|Any CPU.ActiveCfg = Release|Any CPU
		{6BA1368B-6B9D-4746-9CE9-6BCD09AC3D05}.Release|Any CPU.Build.0 = Release|Any CPU
		{6D2D0923-04A9-4686-AFFE-F9C4320B560B}.Debug|Any CPU.ActiveCfg = Debug|Any CPU
		{6D2D0923-04A9-4686-AFFE-F9C4320B560B}.Debug|Any CPU.Build.0 = Debug|Any CPU
		{6D2D0923-04A9-4686-AFFE-F9C4320B560B}.Release|Any CPU.ActiveCfg = Release|Any CPU
		{6D2D0923-04A9-4686-AFFE-F9C4320B560B}.Release|Any CPU.Build.0 = Release|Any CPU
		{BB0D708B-5778-40FC-835E-A206A937F2B2}.Debug|Any CPU.ActiveCfg = Debug|Any CPU
		{BB0D708B-5778-40FC-835E-A206A937F2B2}.Debug|Any CPU.Build.0 = Debug|Any CPU
		{BB0D708B-5778-40FC-835E-A206A937F2B2}.Release|Any CPU.ActiveCfg = Release|Any CPU
		{BB0D708B-5778-40FC-835E-A206A937F2B2}.Release|Any CPU.Build.0 = Release|Any CPU
		{04A92BE3-6B76-4FF6-8F4C-4C1E1BE9D34A}.Debug|Any CPU.ActiveCfg = Debug|Any CPU
		{04A92BE3-6B76-4FF6-8F4C-4C1E1BE9D34A}.Debug|Any CPU.Build.0 = Debug|Any CPU
		{04A92BE3-6B76-4FF6-8F4C-4C1E1BE9D34A}.Release|Any CPU.ActiveCfg = Release|Any CPU
		{04A92BE3-6B76-4FF6-8F4C-4C1E1BE9D34A}.Release|Any CPU.Build.0 = Release|Any CPU
		{D9452553-ECDE-4D2D-B211-68EF5F878386}.Debug|Any CPU.ActiveCfg = Debug|Any CPU
		{D9452553-ECDE-4D2D-B211-68EF5F878386}.Debug|Any CPU.Build.0 = Debug|Any CPU
		{D9452553-ECDE-4D2D-B211-68EF5F878386}.Release|Any CPU.ActiveCfg = Release|Any CPU
		{D9452553-ECDE-4D2D-B211-68EF5F878386}.Release|Any CPU.Build.0 = Release|Any CPU
		{B8D61995-186A-4F2A-A167-4F1068A18A66}.Debug|Any CPU.ActiveCfg = Debug|Any CPU
		{B8D61995-186A-4F2A-A167-4F1068A18A66}.Debug|Any CPU.Build.0 = Debug|Any CPU
		{B8D61995-186A-4F2A-A167-4F1068A18A66}.Release|Any CPU.ActiveCfg = Release|Any CPU
		{B8D61995-186A-4F2A-A167-4F1068A18A66}.Release|Any CPU.Build.0 = Release|Any CPU
		{E8528E41-AC7A-4146-A43C-31812D974322}.Debug|Any CPU.ActiveCfg = Debug|Any CPU
		{E8528E41-AC7A-4146-A43C-31812D974322}.Debug|Any CPU.Build.0 = Debug|Any CPU
		{E8528E41-AC7A-4146-A43C-31812D974322}.Release|Any CPU.ActiveCfg = Release|Any CPU
		{E8528E41-AC7A-4146-A43C-31812D974322}.Release|Any CPU.Build.0 = Release|Any CPU
		{071C339C-4F3B-4A3F-9D8A-2362A6F19249}.Debug|Any CPU.ActiveCfg = Debug|Any CPU
		{071C339C-4F3B-4A3F-9D8A-2362A6F19249}.Debug|Any CPU.Build.0 = Debug|Any CPU
		{071C339C-4F3B-4A3F-9D8A-2362A6F19249}.Release|Any CPU.ActiveCfg = Release|Any CPU
		{071C339C-4F3B-4A3F-9D8A-2362A6F19249}.Release|Any CPU.Build.0 = Release|Any CPU
		{929C3CA9-8241-44F9-87EE-972C9DF12B45}.Debug|Any CPU.ActiveCfg = Debug|Any CPU
		{929C3CA9-8241-44F9-87EE-972C9DF12B45}.Debug|Any CPU.Build.0 = Debug|Any CPU
		{929C3CA9-8241-44F9-87EE-972C9DF12B45}.Release|Any CPU.ActiveCfg = Release|Any CPU
		{929C3CA9-8241-44F9-87EE-972C9DF12B45}.Release|Any CPU.Build.0 = Release|Any CPU
		{F9A10D7D-2F6A-4588-B94D-86083FF89F20}.Debug|Any CPU.ActiveCfg = Debug|Any CPU
		{F9A10D7D-2F6A-4588-B94D-86083FF89F20}.Debug|Any CPU.Build.0 = Debug|Any CPU
		{F9A10D7D-2F6A-4588-B94D-86083FF89F20}.Release|Any CPU.ActiveCfg = Release|Any CPU
		{F9A10D7D-2F6A-4588-B94D-86083FF89F20}.Release|Any CPU.Build.0 = Release|Any CPU
		{478D683A-488F-4B7F-B470-781368FD01AF}.Debug|Any CPU.ActiveCfg = Debug|Any CPU
		{478D683A-488F-4B7F-B470-781368FD01AF}.Debug|Any CPU.Build.0 = Debug|Any CPU
		{478D683A-488F-4B7F-B470-781368FD01AF}.Release|Any CPU.ActiveCfg = Release|Any CPU
		{478D683A-488F-4B7F-B470-781368FD01AF}.Release|Any CPU.Build.0 = Release|Any CPU
		{A00762E4-C41D-4274-B78A-B90F1C20462C}.Debug|Any CPU.ActiveCfg = Debug|Any CPU
		{A00762E4-C41D-4274-B78A-B90F1C20462C}.Debug|Any CPU.Build.0 = Debug|Any CPU
		{A00762E4-C41D-4274-B78A-B90F1C20462C}.Release|Any CPU.ActiveCfg = Release|Any CPU
		{A00762E4-C41D-4274-B78A-B90F1C20462C}.Release|Any CPU.Build.0 = Release|Any CPU
		{FBF7C824-8A75-42CA-8DBA-C4F181C57C14}.Debug|Any CPU.ActiveCfg = Debug|Any CPU
		{FBF7C824-8A75-42CA-8DBA-C4F181C57C14}.Debug|Any CPU.Build.0 = Debug|Any CPU
		{FBF7C824-8A75-42CA-8DBA-C4F181C57C14}.Release|Any CPU.ActiveCfg = Release|Any CPU
		{FBF7C824-8A75-42CA-8DBA-C4F181C57C14}.Release|Any CPU.Build.0 = Release|Any CPU
		{F5E8B468-F650-40EB-A52A-A1E206F1B5B0}.Debug|Any CPU.ActiveCfg = Debug|Any CPU
		{F5E8B468-F650-40EB-A52A-A1E206F1B5B0}.Debug|Any CPU.Build.0 = Debug|Any CPU
		{F5E8B468-F650-40EB-A52A-A1E206F1B5B0}.Release|Any CPU.ActiveCfg = Release|Any CPU
		{F5E8B468-F650-40EB-A52A-A1E206F1B5B0}.Release|Any CPU.Build.0 = Release|Any CPU
		{116AD5EB-900A-4D04-866C-099A3E5E282A}.Debug|Any CPU.ActiveCfg = Debug|Any CPU
		{116AD5EB-900A-4D04-866C-099A3E5E282A}.Debug|Any CPU.Build.0 = Debug|Any CPU
		{116AD5EB-900A-4D04-866C-099A3E5E282A}.Release|Any CPU.ActiveCfg = Release|Any CPU
		{116AD5EB-900A-4D04-866C-099A3E5E282A}.Release|Any CPU.Build.0 = Release|Any CPU
	EndGlobalSection
	GlobalSection(SolutionProperties) = preSolution
		HideSolutionNode = FALSE
	EndGlobalSection
	GlobalSection(ExtensibilityGlobals) = postSolution
		SolutionGuid = {100C45FA-2756-4436-B207-9B16DA6AE2B3}
	EndGlobalSection
EndGlobal
